// !$*UTF8*$!
{
	archiveVersion = 1;
	classes = {
	};
	objectVersion = 50;
	objects = {

/* Begin PBXBuildFile section */
		698B954624B64554000E8FA9 /* AppDelegate.swift in Sources */ = {isa = PBXBuildFile; fileRef = 698B954524B64554000E8FA9 /* AppDelegate.swift */; };
		698B954824B64554000E8FA9 /* SceneDelegate.swift in Sources */ = {isa = PBXBuildFile; fileRef = 698B954724B64554000E8FA9 /* SceneDelegate.swift */; };
		698B954A24B64554000E8FA9 /* ViewController.swift in Sources */ = {isa = PBXBuildFile; fileRef = 698B954924B64554000E8FA9 /* ViewController.swift */; };
		698B954D24B64554000E8FA9 /* Main.storyboard in Resources */ = {isa = PBXBuildFile; fileRef = 698B954B24B64554000E8FA9 /* Main.storyboard */; };
		698B954F24B64557000E8FA9 /* Assets.xcassets in Resources */ = {isa = PBXBuildFile; fileRef = 698B954E24B64557000E8FA9 /* Assets.xcassets */; };
		698B955224B64557000E8FA9 /* LaunchScreen.storyboard in Resources */ = {isa = PBXBuildFile; fileRef = 698B955024B64557000E8FA9 /* LaunchScreen.storyboard */; };
		698B955A24B65EF8000E8FA9 /* movieCell.swift in Sources */ = {isa = PBXBuildFile; fileRef = 698B955924B65EF8000E8FA9 /* movieCell.swift */; };
		698B955C24B663FC000E8FA9 /* movies.swift in Sources */ = {isa = PBXBuildFile; fileRef = 698B955B24B663FC000E8FA9 /* movies.swift */; };
		698B956324B66DBC000E8FA9 /* MovieTableView.swift in Sources */ = {isa = PBXBuildFile; fileRef = 698B956224B66DBC000E8FA9 /* MovieTableView.swift */; };
		698B956524B74C7B000E8FA9 /* MovieDetalis.swift in Sources */ = {isa = PBXBuildFile; fileRef = 698B956424B74C7B000E8FA9 /* MovieDetalis.swift */; };
/* End PBXBuildFile section */

/* Begin PBXFileReference section */
		698B954224B64554000E8FA9 /* Movies.app */ = {isa = PBXFileReference; explicitFileType = wrapper.application; includeInIndex = 0; path = Movies.app; sourceTree = BUILT_PRODUCTS_DIR; };
		698B954524B64554000E8FA9 /* AppDelegate.swift */ = {isa = PBXFileReference; lastKnownFileType = sourcecode.swift; path = AppDelegate.swift; sourceTree = "<group>"; };
		698B954724B64554000E8FA9 /* SceneDelegate.swift */ = {isa = PBXFileReference; lastKnownFileType = sourcecode.swift; path = SceneDelegate.swift; sourceTree = "<group>"; };
		698B954924B64554000E8FA9 /* ViewController.swift */ = {isa = PBXFileReference; lastKnownFileType = sourcecode.swift; path = ViewController.swift; sourceTree = "<group>"; };
		698B954C24B64554000E8FA9 /* Base */ = {isa = PBXFileReference; lastKnownFileType = file.storyboard; name = Base; path = Base.lproj/Main.storyboard; sourceTree = "<group>"; };
		698B954E24B64557000E8FA9 /* Assets.xcassets */ = {isa = PBXFileReference; lastKnownFileType = folder.assetcatalog; path = Assets.xcassets; sourceTree = "<group>"; };
		698B955124B64557000E8FA9 /* Base */ = {isa = PBXFileReference; lastKnownFileType = file.storyboard; name = Base; path = Base.lproj/LaunchScreen.storyboard; sourceTree = "<group>"; };
		698B955324B64557000E8FA9 /* Info.plist */ = {isa = PBXFileReference; lastKnownFileType = text.plist.xml; path = Info.plist; sourceTree = "<group>"; };
		698B955924B65EF8000E8FA9 /* movieCell.swift */ = {isa = PBXFileReference; lastKnownFileType = sourcecode.swift; path = movieCell.swift; sourceTree = "<group>"; };
		698B955B24B663FC000E8FA9 /* movies.swift */ = {isa = PBXFileReference; lastKnownFileType = sourcecode.swift; path = movies.swift; sourceTree = "<group>"; };
		698B956224B66DBC000E8FA9 /* MovieTableView.swift */ = {isa = PBXFileReference; lastKnownFileType = sourcecode.swift; name = MovieTableView.swift; path = ../MovieTableView.swift; sourceTree = "<group>"; };
		698B956424B74C7B000E8FA9 /* MovieDetalis.swift */ = {isa = PBXFileReference; lastKnownFileType = sourcecode.swift; path = MovieDetalis.swift; sourceTree = "<group>"; };
/* End PBXFileReference section */

/* Begin PBXFrameworksBuildPhase section */
		698B953F24B64554000E8FA9 /* Frameworks */ = {
			isa = PBXFrameworksBuildPhase;
			buildActionMask = 2147483647;
			files = (
			);
			runOnlyForDeploymentPostprocessing = 0;
		};
/* End PBXFrameworksBuildPhase section */

/* Begin PBXGroup section */
		698B953924B64554000E8FA9 = {
			isa = PBXGroup;
			children = (
				698B954424B64554000E8FA9 /* Movies */,
				698B954324B64554000E8FA9 /* Products */,
				698B954924B64554000E8FA9 /* ViewController.swift */,
			);
			sourceTree = "<group>";
		};
		698B954324B64554000E8FA9 /* Products */ = {
			isa = PBXGroup;
			children = (
				698B954224B64554000E8FA9 /* Movies.app */,
			);
			name = Products;
			sourceTree = "<group>";
		};
		698B954424B64554000E8FA9 /* Movies */ = {
			isa = PBXGroup;
			children = (
				698B956224B66DBC000E8FA9 /* MovieTableView.swift */,
				698B956424B74C7B000E8FA9 /* MovieDetalis.swift */,
				698B954524B64554000E8FA9 /* AppDelegate.swift */,
				698B954724B64554000E8FA9 /* SceneDelegate.swift */,
				698B955924B65EF8000E8FA9 /* movieCell.swift */,
				698B954B24B64554000E8FA9 /* Main.storyboard */,
				698B954E24B64557000E8FA9 /* Assets.xcassets */,
				698B955024B64557000E8FA9 /* LaunchScreen.storyboard */,
				698B955324B64557000E8FA9 /* Info.plist */,
				698B955B24B663FC000E8FA9 /* movies.swift */,
			);
			path = Movies;
			sourceTree = "<group>";
		};
/* End PBXGroup section */

/* Begin PBXNativeTarget section */
		698B954124B64554000E8FA9 /* Movies */ = {
			isa = PBXNativeTarget;
			buildConfigurationList = 698B955624B64557000E8FA9 /* Build configuration list for PBXNativeTarget "Movies" */;
			buildPhases = (
				698B953E24B64554000E8FA9 /* Sources */,
				698B953F24B64554000E8FA9 /* Frameworks */,
				698B954024B64554000E8FA9 /* Resources */,
			);
			buildRules = (
			);
			dependencies = (
			);
			name = Movies;
			productName = Movies;
			productReference = 698B954224B64554000E8FA9 /* Movies.app */;
			productType = "com.apple.product-type.application";
		};
/* End PBXNativeTarget section */

/* Begin PBXProject section */
		698B953A24B64554000E8FA9 /* Project object */ = {
			isa = PBXProject;
			attributes = {
				LastSwiftUpdateCheck = 1150;
				LastUpgradeCheck = 1150;
				ORGANIZATIONNAME = movies;
				TargetAttributes = {
					698B954124B64554000E8FA9 = {
						CreatedOnToolsVersion = 11.5;
					};
				};
			};
			buildConfigurationList = 698B953D24B64554000E8FA9 /* Build configuration list for PBXProject "Movies" */;
			compatibilityVersion = "Xcode 9.3";
			developmentRegion = en;
			hasScannedForEncodings = 0;
			knownRegions = (
				en,
				Base,
			);
			mainGroup = 698B953924B64554000E8FA9;
			productRefGroup = 698B954324B64554000E8FA9 /* Products */;
			projectDirPath = "";
			projectRoot = "";
			targets = (
				698B954124B64554000E8FA9 /* Movies */,
			);
		};
/* End PBXProject section */

/* Begin PBXResourcesBuildPhase section */
		698B954024B64554000E8FA9 /* Resources */ = {
			isa = PBXResourcesBuildPhase;
			buildActionMask = 2147483647;
			files = (
				698B955224B64557000E8FA9 /* LaunchScreen.storyboard in Resources */,
				698B954F24B64557000E8FA9 /* Assets.xcassets in Resources */,
				698B954D24B64554000E8FA9 /* Main.storyboard in Resources */,
			);
			runOnlyForDeploymentPostprocessing = 0;
		};
/* End PBXResourcesBuildPhase section */

/* Begin PBXSourcesBuildPhase section */
		698B953E24B64554000E8FA9 /* Sources */ = {
			isa = PBXSourcesBuildPhase;
			buildActionMask = 2147483647;
			files = (
				698B956324B66DBC000E8FA9 /* MovieTableView.swift in Sources */,
				698B956524B74C7B000E8FA9 /* MovieDetalis.swift in Sources */,
				698B954A24B64554000E8FA9 /* ViewController.swift in Sources */,
				698B955C24B663FC000E8FA9 /* movies.swift in Sources */,
				698B954624B64554000E8FA9 /* AppDelegate.swift in Sources */,
				698B955A24B65EF8000E8FA9 /* movieCell.swift in Sources */,
				698B954824B64554000E8FA9 /* SceneDelegate.swift in Sources */,
			);
			runOnlyForDeploymentPostprocessing = 0;
		};
/* End PBXSourcesBuildPhase section */

/* Begin PBXVariantGroup section */
		698B954B24B64554000E8FA9 /* Main.storyboard */ = {
			isa = PBXVariantGroup;
			children = (
				698B954C24B64554000E8FA9 /* Base */,
			);
			name = Main.storyboard;
			sourceTree = "<group>";
		};
		698B955024B64557000E8FA9 /* LaunchScreen.storyboard */ = {
			isa = PBXVariantGroup;
			children = (
				698B955124B64557000E8FA9 /* Base */,
			);
			name = LaunchScreen.storyboard;
			sourceTree = "<group>";
		};
/* End PBXVariantGroup section */

/* Begin XCBuildConfiguration section */
		698B955424B64557000E8FA9 /* Debug */ = {
			isa = XCBuildConfiguration;
			buildSettings = {
				ALWAYS_SEARCH_USER_PATHS = NO;
				CLANG_ANALYZER_NONNULL = YES;
				CLANG_ANALYZER_NUMBER_OBJECT_CONVERSION = YES_AGGRESSIVE;
				CLANG_CXX_LANGUAGE_STANDARD = "gnu++14";
				CLANG_CXX_LIBRARY = "libc++";
				CLANG_ENABLE_MODULES = YES;
				CLANG_ENABLE_OBJC_ARC = YES;
				CLANG_ENABLE_OBJC_WEAK = YES;
				CLANG_WARN_BLOCK_CAPTURE_AUTORELEASING = YES;
				CLANG_WARN_BOOL_CONVERSION = YES;
				CLANG_WARN_COMMA = YES;
				CLANG_WARN_CONSTANT_CONVERSION = YES;
				CLANG_WARN_DEPRECATED_OBJC_IMPLEMENTATIONS = YES;
				CLANG_WARN_DIRECT_OBJC_ISA_USAGE = YES_ERROR;
				CLANG_WARN_DOCUMENTATION_COMMENTS = YES;
				CLANG_WARN_EMPTY_BODY = YES;
				CLANG_WARN_ENUM_CONVERSION = YES;
				CLANG_WARN_INFINITE_RECURSION = YES;
				CLANG_WARN_INT_CONVERSION = YES;
				CLANG_WARN_NON_LITERAL_NULL_CONVERSION = YES;
				CLANG_WARN_OBJC_IMPLICIT_RETAIN_SELF = YES;
				CLANG_WARN_OBJC_LITERAL_CONVERSION = YES;
				CLANG_WARN_OBJC_ROOT_CLASS = YES_ERROR;
				CLANG_WARN_RANGE_LOOP_ANALYSIS = YES;
				CLANG_WARN_STRICT_PROTOTYPES = YES;
				CLANG_WARN_SUSPICIOUS_MOVE = YES;
				CLANG_WARN_UNGUARDED_AVAILABILITY = YES_AGGRESSIVE;
				CLANG_WARN_UNREACHABLE_CODE = YES;
				CLANG_WARN__DUPLICATE_METHOD_MATCH = YES;
				COPY_PHASE_STRIP = NO;
				DEBUG_INFORMATION_FORMAT = dwarf;
				ENABLE_STRICT_OBJC_MSGSEND = YES;
				ENABLE_TESTABILITY = YES;
				GCC_C_LANGUAGE_STANDARD = gnu11;
				GCC_DYNAMIC_NO_PIC = NO;
				GCC_NO_COMMON_BLOCKS = YES;
				GCC_OPTIMIZATION_LEVEL = 0;
				GCC_PREPROCESSOR_DEFINITIONS = (
					"DEBUG=1",
					"$(inherited)",
				);
				GCC_WARN_64_TO_32_BIT_CONVERSION = YES;
				GCC_WARN_ABOUT_RETURN_TYPE = YES_ERROR;
				GCC_WARN_UNDECLARED_SELECTOR = YES;
				GCC_WARN_UNINITIALIZED_AUTOS = YES_AGGRESSIVE;
				GCC_WARN_UNUSED_FUNCTION = YES;
				GCC_WARN_UNUSED_VARIABLE = YES;
				IPHONEOS_DEPLOYMENT_TARGET = 13.5;
				MTL_ENABLE_DEBUG_INFO = INCLUDE_SOURCE;
				MTL_FAST_MATH = YES;
				ONLY_ACTIVE_ARCH = YES;
				SDKROOT = iphoneos;
				SWIFT_ACTIVE_COMPILATION_CONDITIONS = DEBUG;
				SWIFT_OPTIMIZATION_LEVEL = "-Onone";
			};
			name = Debug;
		};
		698B955524B64557000E8FA9 /* Release */ = {
			isa = XCBuildConfiguration;
			buildSettings = {
				ALWAYS_SEARCH_USER_PATHS = NO;
				CLANG_ANALYZER_NONNULL = YES;
				CLANG_ANALYZER_NUMBER_OBJECT_CONVERSION = YES_AGGRESSIVE;
				CLANG_CXX_LANGUAGE_STANDARD = "gnu++14";
				CLANG_CXX_LIBRARY = "libc++";
				CLANG_ENABLE_MODULES = YES;
				CLANG_ENABLE_OBJC_ARC = YES;
				CLANG_ENABLE_OBJC_WEAK = YES;
				CLANG_WARN_BLOCK_CAPTURE_AUTORELEASING = YES;
				CLANG_WARN_BOOL_CONVERSION = YES;
				CLANG_WARN_COMMA = YES;
				CLANG_WARN_CONSTANT_CONVERSION = YES;
				CLANG_WARN_DEPRECATED_OBJC_IMPLEMENTATIONS = YES;
				CLANG_WARN_DIRECT_OBJC_ISA_USAGE = YES_ERROR;
				CLANG_WARN_DOCUMENTATION_COMMENTS = YES;
				CLANG_WARN_EMPTY_BODY = YES;
				CLANG_WARN_ENUM_CONVERSION = YES;
				CLANG_WARN_INFINITE_RECURSION = YES;
				CLANG_WARN_INT_CONVERSION = YES;
				CLANG_WARN_NON_LITERAL_NULL_CONVERSION = YES;
				CLANG_WARN_OBJC_IMPLICIT_RETAIN_SELF = YES;
				CLANG_WARN_OBJC_LITERAL_CONVERSION = YES;
				CLANG_WARN_OBJC_ROOT_CLASS = YES_ERROR;
				CLANG_WARN_RANGE_LOOP_ANALYSIS = YES;
				CLANG_WARN_STRICT_PROTOTYPES = YES;
				CLANG_WARN_SUSPICIOUS_MOVE = YES;
				CLANG_WARN_UNGUARDED_AVAILABILITY = YES_AGGRESSIVE;
				CLANG_WARN_UNREACHABLE_CODE = YES;
				CLANG_WARN__DUPLICATE_METHOD_MATCH = YES;
				COPY_PHASE_STRIP = NO;
				DEBUG_INFORMATION_FORMAT = "dwarf-with-dsym";
				ENABLE_NS_ASSERTIONS = NO;
				ENABLE_STRICT_OBJC_MSGSEND = YES;
				GCC_C_LANGUAGE_STANDARD = gnu11;
				GCC_NO_COMMON_BLOCKS = YES;
				GCC_WARN_64_TO_32_BIT_CONVERSION = YES;
				GCC_WARN_ABOUT_RETURN_TYPE = YES_ERROR;
				GCC_WARN_UNDECLARED_SELECTOR = YES;
				GCC_WARN_UNINITIALIZED_AUTOS = YES_AGGRESSIVE;
				GCC_WARN_UNUSED_FUNCTION = YES;
				GCC_WARN_UNUSED_VARIABLE = YES;
				IPHONEOS_DEPLOYMENT_TARGET = 13.5;
				MTL_ENABLE_DEBUG_INFO = NO;
				MTL_FAST_MATH = YES;
				SDKROOT = iphoneos;
				SWIFT_COMPILATION_MODE = wholemodule;
				SWIFT_OPTIMIZATION_LEVEL = "-O";
				VALIDATE_PRODUCT = YES;
			};
			name = Release;
		};
		698B955724B64557000E8FA9 /* Debug */ = {
			isa = XCBuildConfiguration;
			buildSettings = {
				ASSETCATALOG_COMPILER_APPICON_NAME = AppIcon;
				CODE_SIGN_STYLE = Automatic;
				INFOPLIST_FILE = Movies/Info.plist;
				LD_RUNPATH_SEARCH_PATHS = (
					"$(inherited)",
					"@executable_path/Frameworks",
				);
				PRODUCT_BUNDLE_IDENTIFIER = "-.Movies";
				PRODUCT_NAME = "$(TARGET_NAME)";
				SWIFT_VERSION = 5.0;
				TARGETED_DEVICE_FAMILY = "1,2";
			};
			name = Debug;
		};
		698B955824B64557000E8FA9 /* Release */ = {
			isa = XCBuildConfiguration;
			buildSettings = {
				ASSETCATALOG_COMPILER_APPICON_NAME = AppIcon;
				CODE_SIGN_STYLE = Automatic;
				INFOPLIST_FILE = Movies/Info.plist;
				LD_RUNPATH_SEARCH_PATHS = (
					"$(inherited)",
					"@executable_path/Frameworks",
				);
				PRODUCT_BUNDLE_IDENTIFIER = "-.Movies";
				PRODUCT_NAME = "$(TARGET_NAME)";
				SWIFT_VERSION = 5.0;
				TARGETED_DEVICE_FAMILY = "1,2";
			};
			name = Release;
		};
/* End XCBuildConfiguration section */

/* Begin XCConfigurationList section */
		698B953D24B64554000E8FA9 /* Build configuration list for PBXProject "Movies" */ = {
			isa = XCConfigurationList;
			buildConfigurations = (
				698B955424B64557000E8FA9 /* Debug */,
				698B955524B64557000E8FA9 /* Release */,
			);
			defaultConfigurationIsVisible = 0;
			defaultConfigurationName = Release;
		};
		698B955624B64557000E8FA9 /* Build configuration list for PBXNativeTarget "Movies" */ = {
			isa = XCConfigurationList;
			buildConfigurations = (
				698B955724B64557000E8FA9 /* Debug */,
				698B955824B64557000E8FA9 /* Release */,
			);
			defaultConfigurationIsVisible = 0;
			defaultConfigurationName = Release;
		};
/* End XCConfigurationList section */
	};
	rootObject = 698B953A24B64554000E8FA9 /* Project object */;
}
